
Microsoft Visual Studio Solution File, Format Version 12.00
# Visual Studio Version 16
VisualStudioVersion = 16.0.30804.86
MinimumVisualStudioVersion = 10.0.40219.1
Project("{FAE04EC0-301F-11D3-BF4B-00C04F79EFBC}") = "RestExz", "RestExz\RestExz.csproj", "{B1C1E718-81AA-4DA4-9977-E4251E949B2D}"
EndProject
Global
	GlobalSection(SolutionConfigurationPlatforms) = preSolution
		Debug|Any CPU = Debug|Any CPU
		Release|Any CPU = Release|Any CPU
	EndGlobalSection
	GlobalSection(ProjectConfigurationPlatforms) = postSolution
		{B1C1E718-81AA-4DA4-9977-E4251E949B2D}.Debug|Any CPU.ActiveCfg = Debug|Any CPU
		{B1C1E718-81AA-4DA4-9977-E4251E949B2D}.Debug|Any CPU.Build.0 = Debug|Any CPU
		{B1C1E718-81AA-4DA4-9977-E4251E949B2D}.Release|Any CPU.ActiveCfg = Release|Any CPU
		{B1C1E718-81AA-4DA4-9977-E4251E949B2D}.Release|Any CPU.Build.0 = Release|Any CPU
	EndGlobalSection
	GlobalSection(SolutionProperties) = preSolution
		HideSolutionNode = FALSE
	EndGlobalSection
	GlobalSection(ExtensibilityGlobals) = postSolution
		SolutionGuid = {C2309AAA-89A8-4CCB-88EF-9BE597B676C3}
	EndGlobalSection
EndGlobal
