
Microsoft Visual Studio Solution File, Format Version 12.00
# Visual Studio Version 16
VisualStudioVersion = 16.0.30804.86
MinimumVisualStudioVersion = 10.0.40219.1
Project("{FAE04EC0-301F-11D3-BF4B-00C04F79EFBC}") = "lesson_3", "lesson_3\lesson_3.csproj", "{1865B217-252A-4D13-B6F4-0407A143C74D}"
EndProject
Global
	GlobalSection(SolutionConfigurationPlatforms) = preSolution
		Debug|Any CPU = Debug|Any CPU
		Release|Any CPU = Release|Any CPU
	EndGlobalSection
	GlobalSection(ProjectConfigurationPlatforms) = postSolution
		{1865B217-252A-4D13-B6F4-0407A143C74D}.Debug|Any CPU.ActiveCfg = Debug|Any CPU
		{1865B217-252A-4D13-B6F4-0407A143C74D}.Debug|Any CPU.Build.0 = Debug|Any CPU
		{1865B217-252A-4D13-B6F4-0407A143C74D}.Release|Any CPU.ActiveCfg = Release|Any CPU
		{1865B217-252A-4D13-B6F4-0407A143C74D}.Release|Any CPU.Build.0 = Release|Any CPU
	EndGlobalSection
	GlobalSection(SolutionProperties) = preSolution
		HideSolutionNode = FALSE
	EndGlobalSection
	GlobalSection(ExtensibilityGlobals) = postSolution
		SolutionGuid = {25126193-8055-4553-8E5F-AF5C86687229}
	EndGlobalSection
EndGlobal
