
Microsoft Visual Studio Solution File, Format Version 12.00
# Visual Studio Version 16
VisualStudioVersion = 16.0.30804.86
MinimumVisualStudioVersion = 10.0.40219.1
Project("{FAE04EC0-301F-11D3-BF4B-00C04F79EFBC}") = "lesson_1", "lesson_1\lesson_1.csproj", "{BE61F2CC-E737-4F0E-86C8-9A93196FD86E}"
EndProject
Global
	GlobalSection(SolutionConfigurationPlatforms) = preSolution
		Debug|Any CPU = Debug|Any CPU
		Release|Any CPU = Release|Any CPU
	EndGlobalSection
	GlobalSection(ProjectConfigurationPlatforms) = postSolution
		{BE61F2CC-E737-4F0E-86C8-9A93196FD86E}.Debug|Any CPU.ActiveCfg = Debug|Any CPU
		{BE61F2CC-E737-4F0E-86C8-9A93196FD86E}.Debug|Any CPU.Build.0 = Debug|Any CPU
		{BE61F2CC-E737-4F0E-86C8-9A93196FD86E}.Release|Any CPU.ActiveCfg = Release|Any CPU
		{BE61F2CC-E737-4F0E-86C8-9A93196FD86E}.Release|Any CPU.Build.0 = Release|Any CPU
	EndGlobalSection
	GlobalSection(SolutionProperties) = preSolution
		HideSolutionNode = FALSE
	EndGlobalSection
	GlobalSection(ExtensibilityGlobals) = postSolution
		SolutionGuid = {9885138E-0B48-4FAA-85CA-6A41EA232603}
	EndGlobalSection
EndGlobal
